
Microsoft Visual Studio Solution File, Format Version 12.00
# Visual Studio Version 16
VisualStudioVersion = 16.0.30413.136
MinimumVisualStudioVersion = 10.0.40219.1
Project("{FAE04EC0-301F-11D3-BF4B-00C04F79EFBC}") = "ConsoleApp1", "ConsoleApp1\ConsoleApp1.csproj", "{0F71E74B-8BB6-4676-B309-105460390D11}"
EndProject
Global
	GlobalSection(SolutionConfigurationPlatforms) = preSolution
		Debug|Any CPU = Debug|Any CPU
		Release|Any CPU = Release|Any CPU
	EndGlobalSection
	GlobalSection(ProjectConfigurationPlatforms) = postSolution
		{0F71E74B-8BB6-4676-B309-105460390D11}.Debug|Any CPU.ActiveCfg = Debug|Any CPU
		{0F71E74B-8BB6-4676-B309-105460390D11}.Debug|Any CPU.Build.0 = Debug|Any CPU
		{0F71E74B-8BB6-4676-B309-105460390D11}.Release|Any CPU.ActiveCfg = Release|Any CPU
		{0F71E74B-8BB6-4676-B309-105460390D11}.Release|Any CPU.Build.0 = Release|Any CPU
	EndGlobalSection
	GlobalSection(SolutionProperties) = preSolution
		HideSolutionNode = FALSE
	EndGlobalSection
	GlobalSection(ExtensibilityGlobals) = postSolution
		SolutionGuid = {6565F08D-5EFD-4478-962E-9180E8C2D197}
	EndGlobalSection
EndGlobal
